github.com/vktec/gll v0.0.0-20210108105407-a379a90b0923 h1:NzNj2+P9zuju7FvQVXhkx1xIWEjxsgo7OdEUUJWvW2s=
github.com/vktec/gll v0.0.0-20210108105407-a379a90b0923/go.mod h1:EJnjBeNP+iObv6KoDSzpnmTosaOinHQJtP/e//CogAI=
github.com/vktec/gll v0.0.0-20210108112649-35a88b488104 h1:gqOu7MrgcpZgB3RWj2BxAdYaTKPYH6/rJL3T8pxfDPM=
github.com/vktec/gll v0.0.0-20210108112649-35a88b488104/go.mod h1:EJnjBeNP+iObv6KoDSzpnmTosaOinHQJtP/e//CogAI=
golang.org/x/image v0.0.0-20201208152932-35266b937fa6 h1:nfeHNc1nAqecKCy2FCy4HY+soOOe5sDLJ/gZLbx6GYI=
golang.org/x/image v0.0.0-20201208152932-35266b937fa6/go.mod h1:FeLwcggjj3mMvU+oOTbSwawSJRM1uh48EjtB4UJZlP0=
golang.org/x/text v0.3.0 h1:g61tztE5qeGQ89tm6NTjjM9VPIm088od1l6aSorWRWg=
golang.org/x/text v0.3.0/go.mod h1:NqM8EUOU14njkJ3fqMW+pc6Ldnwhi/IjpwHt7yyuwOQ=
